// !$*UTF8*$!
{
	archiveVersion = 1;
	classes = {
	};
	objectVersion = 56;
	objects = {

/* Begin PBXBuildFile section */
		F4267A9B2F979E1200E8E96F /* chapter1.swift in Sources */ = {isa = PBXBuildFile; fileRef = F4267A8F2F979E1200E8E96F /* chapter1.swift */; };
		F4267A9C2F979E1200E8E96F /* ShadersCH1.metal in Sources */ = {isa = PBXBuildFile; fileRef = F4267A902F979E1200E8E96F /* ShadersCH1.metal */; };
		F4267A9D2F979E1200E8E96F /* chapter2.swift in Sources */ = {isa = PBXBuildFile; fileRef = F4267A922F979E1200E8E96F /* chapter2.swift */; };
		F4267A9E2F979E1200E8E96F /* ShaderCH2.metal in Sources */ = {isa = PBXBuildFile; fileRef = F4267A932F979E1200E8E96F /* ShaderCH2.metal */; };
		F4267A9F2F979E1200E8E96F /* chapter3.swift in Sources */ = {isa = PBXBuildFile; fileRef = F4267A952F979E1200E8E96F /* chapter3.swift */; };
		F4267AA02F979E1200E8E96F /* ShaderCH3.metal in Sources */ = {isa = PBXBuildFile; fileRef = F4267A962F979E1200E8E96F /* ShaderCH3.metal */; };
		F4267AA12F979E1200E8E96F /* CommonShaders.swift in Sources */ = {isa = PBXBuildFile; fileRef = F4267A982F979E1200E8E96F /* CommonShaders.swift */; };
		F4267AA22F979E1200E8E96F /* String.swift in Sources */ = {isa = PBXBuildFile; fileRef = F4267A992F979E1200E8E96F /* String.swift */; };
		F4267AA52F979E2B00E8E96F /* HelperFuncs.metal in Sources */ = {isa = PBXBuildFile; fileRef = F4267AA32F979E2B00E8E96F /* HelperFuncs.metal */; };
		F43E663B2EA6066900DB69CF /* MetalShadersApp.swift in Sources */ = {isa = PBXBuildFile; fileRef = F43E663A2EA6066900DB69CF /* MetalShadersApp.swift */; };
		F43E663D2EA6066900DB69CF /* ContentView.swift in Sources */ = {isa = PBXBuildFile; fileRef = F43E663C2EA6066900DB69CF /* ContentView.swift */; };
		F43E663F2EA6066B00DB69CF /* Assets.xcassets in Resources */ = {isa = PBXBuildFile; fileRef = F43E663E2EA6066B00DB69CF /* Assets.xcassets */; };
		F43E66422EA6066B00DB69CF /* Preview Assets.xcassets in Resources */ = {isa = PBXBuildFile; fileRef = F43E66412EA6066B00DB69CF /* Preview Assets.xcassets */; };
/* End PBXBuildFile section */

/* Begin PBXFileReference section */
		F4267A8F2F979E1200E8E96F /* chapter1.swift */ = {isa = PBXFileReference; fileEncoding = 4; lastKnownFileType = sourcecode.swift; path = chapter1.swift; sourceTree = "<group>"; };
		F4267A902F979E1200E8E96F /* ShadersCH1.metal */ = {isa = PBXFileReference; fileEncoding = 4; lastKnownFileType = sourcecode.metal; path = ShadersCH1.metal; sourceTree = "<group>"; };
		F4267A922F979E1200E8E96F /* chapter2.swift */ = {isa = PBXFileReference; fileEncoding = 4; lastKnownFileType = sourcecode.swift; path = chapter2.swift; sourceTree = "<group>"; };
		F4267A932F979E1200E8E96F /* ShaderCH2.metal */ = {isa = PBXFileReference; fileEncoding = 4; lastKnownFileType = sourcecode.metal; path = ShaderCH2.metal; sourceTree = "<group>"; };
		F4267A952F979E1200E8E96F /* chapter3.swift */ = {isa = PBXFileReference; fileEncoding = 4; lastKnownFileType = sourcecode.swift; path = chapter3.swift; sourceTree = "<group>"; };
		F4267A962F979E1200E8E96F /* ShaderCH3.metal */ = {isa = PBXFileReference; fileEncoding = 4; lastKnownFileType = sourcecode.metal; path = ShaderCH3.metal; sourceTree = "<group>"; };
		F4267A982F979E1200E8E96F /* CommonShaders.swift */ = {isa = PBXFileReference; fileEncoding = 4; lastKnownFileType = sourcecode.swift; path = CommonShaders.swift; sourceTree = "<group>"; };
		F4267A992F979E1200E8E96F /* String.swift */ = {isa = PBXFileReference; fileEncoding = 4; lastKnownFileType = sourcecode.swift; path = String.swift; sourceTree = "<group>"; };
		F4267AA32F979E2B00E8E96F /* HelperFuncs.metal */ = {isa = PBXFileReference; fileEncoding = 4; lastKnownFileType = sourcecode.metal; path = HelperFuncs.metal; sourceTree = "<group>"; };
		F4267AA42F979E2B00E8E96F /* HelperFuncs.h */ = {isa = PBXFileReference; fileEncoding = 4; lastKnownFileType = sourcecode.c.h; path = HelperFuncs.h; sourceTree = "<group>"; };
		F43E66372EA6066900DB69CF /* MetalShaders.app */ = {isa = PBXFileReference; explicitFileType = wrapper.application; includeInIndex = 0; path = MetalShaders.app; sourceTree = BUILT_PRODUCTS_DIR; };
		F43E663A2EA6066900DB69CF /* MetalShadersApp.swift */ = {isa = PBXFileReference; lastKnownFileType = sourcecode.swift; path = MetalShadersApp.swift; sourceTree = "<group>"; };
		F43E663C2EA6066900DB69CF /* ContentView.swift */ = {isa = PBXFileReference; lastKnownFileType = sourcecode.swift; path = ContentView.swift; sourceTree = "<group>"; };
		F43E663E2EA6066B00DB69CF /* Assets.xcassets */ = {isa = PBXFileReference; lastKnownFileType = folder.assetcatalog; path = Assets.xcassets; sourceTree = "<group>"; };
		F43E66412EA6066B00DB69CF /* Preview Assets.xcassets */ = {isa = PBXFileReference; lastKnownFileType = folder.assetcatalog; path = "Preview Assets.xcassets"; sourceTree = "<group>"; };
/* End PBXFileReference section */

/* Begin PBXFrameworksBuildPhase section */
		F43E66342EA6066900DB69CF /* Frameworks */ = {
			isa = PBXFrameworksBuildPhase;
			buildActionMask = 2147483647;
			files = (
			);
			runOnlyForDeploymentPostprocessing = 0;
		};
/* End PBXFrameworksBuildPhase section */

/* Begin PBXGroup section */
		F4267A912F979E1200E8E96F /* chapter1-gpu-canvas */ = {
			isa = PBXGroup;
			children = (
				F4267A8F2F979E1200E8E96F /* chapter1.swift */,
				F4267A902F979E1200E8E96F /* ShadersCH1.metal */,
			);
			path = "chapter1-gpu-canvas";
			sourceTree = "<group>";
		};
		F4267A942F979E1200E8E96F /* chapter2-Coordinate System */ = {
			isa = PBXGroup;
			children = (
				F4267A922F979E1200E8E96F /* chapter2.swift */,
				F4267A932F979E1200E8E96F /* ShaderCH2.metal */,
			);
			path = "chapter2-Coordinate System";
			sourceTree = "<group>";
		};
		F4267A972F979E1200E8E96F /* chapter3-Color Mathematics */ = {
			isa = PBXGroup;
			children = (
				F4267A952F979E1200E8E96F /* chapter3.swift */,
				F4267A962F979E1200E8E96F /* ShaderCH3.metal */,
			);
			path = "chapter3-Color Mathematics";
			sourceTree = "<group>";
		};
		F4267A9A2F979E1200E8E96F /* Helpers */ = {
			isa = PBXGroup;
			children = (
				F4267A982F979E1200E8E96F /* CommonShaders.swift */,
				F4267A992F979E1200E8E96F /* String.swift */,
			);
			path = Helpers;
			sourceTree = "<group>";
		};
		F43E662E2EA6066900DB69CF = {
			isa = PBXGroup;
			children = (
				F43E66392EA6066900DB69CF /* MetalShaders */,
				F43E66382EA6066900DB69CF /* Products */,
			);
			sourceTree = "<group>";
		};
		F43E66382EA6066900DB69CF /* Products */ = {
			isa = PBXGroup;
			children = (
				F43E66372EA6066900DB69CF /* MetalShaders.app */,
			);
			name = Products;
			sourceTree = "<group>";
		};
		F43E66392EA6066900DB69CF /* MetalShaders */ = {
			isa = PBXGroup;
			children = (
				F4267A912F979E1200E8E96F /* chapter1-gpu-canvas */,
				F4267A942F979E1200E8E96F /* chapter2-Coordinate System */,
				F4267A972F979E1200E8E96F /* chapter3-Color Mathematics */,
				F4267A9A2F979E1200E8E96F /* Helpers */,
				F43E663E2EA6066B00DB69CF /* Assets.xcassets */,
				F4267AA42F979E2B00E8E96F /* HelperFuncs.h */,
				F4267AA32F979E2B00E8E96F /* HelperFuncs.metal */,
				F43E663C2EA6066900DB69CF /* ContentView.swift */,
				F43E663A2EA6066900DB69CF /* MetalShadersApp.swift */,
				F43E66402EA6066B00DB69CF /* Preview Content */,
			);
			path = MetalShaders;
			sourceTree = "<group>";
		};
		F43E66402EA6066B00DB69CF /* Preview Content */ = {
			isa = PBXGroup;
			children = (
				F43E66412EA6066B00DB69CF /* Preview Assets.xcassets */,
			);
			path = "Preview Content";
			sourceTree = "<group>";
		};
/* End PBXGroup section */

/* Begin PBXNativeTarget section */
		F43E66362EA6066900DB69CF /* MetalShaders */ = {
			isa = PBXNativeTarget;
			buildConfigurationList = F43E66452EA6066B00DB69CF /* Build configuration list for PBXNativeTarget "MetalShaders" */;
			buildPhases = (
				F43E66332EA6066900DB69CF /* Sources */,
				F43E66342EA6066900DB69CF /* Frameworks */,
				F43E66352EA6066900DB69CF /* Resources */,
			);
			buildRules = (
			);
			dependencies = (
			);
			name = MetalShaders;
			productName = MetalShaders;
			productReference = F43E66372EA6066900DB69CF /* MetalShaders.app */;
			productType = "com.apple.product-type.application";
		};
/* End PBXNativeTarget section */

/* Begin PBXProject section */
		F43E662F2EA6066900DB69CF /* Project object */ = {
			isa = PBXProject;
			attributes = {
				BuildIndependentTargetsInParallel = 1;
				LastSwiftUpdateCheck = 1530;
				LastUpgradeCheck = 1530;
				TargetAttributes = {
					F43E66362EA6066900DB69CF = {
						CreatedOnToolsVersion = 15.3;
					};
				};
			};
			buildConfigurationList = F43E66322EA6066900DB69CF /* Build configuration list for PBXProject "MetalShaders" */;
			compatibilityVersion = "Xcode 14.0";
			developmentRegion = en;
			hasScannedForEncodings = 0;
			knownRegions = (
				en,
				Base,
			);
			mainGroup = F43E662E2EA6066900DB69CF;
			productRefGroup = F43E66382EA6066900DB69CF /* Products */;
			projectDirPath = "";
			projectRoot = "";
			targets = (
				F43E66362EA6066900DB69CF /* MetalShaders */,
			);
		};
/* End PBXProject section */

/* Begin PBXResourcesBuildPhase section */
		F43E66352EA6066900DB69CF /* Resources */ = {
			isa = PBXResourcesBuildPhase;
			buildActionMask = 2147483647;
			files = (
				F43E66422EA6066B00DB69CF /* Preview Assets.xcassets in Resources */,
				F43E663F2EA6066B00DB69CF /* Assets.xcassets in Resources */,
			);
			runOnlyForDeploymentPostprocessing = 0;
		};
/* End PBXResourcesBuildPhase section */

/* Begin PBXSourcesBuildPhase section */
		F43E66332EA6066900DB69CF /* Sources */ = {
			isa = PBXSourcesBuildPhase;
			buildActionMask = 2147483647;
			files = (
				F4267A9D2F979E1200E8E96F /* chapter2.swift in Sources */,
				F4267A9B2F979E1200E8E96F /* chapter1.swift in Sources */,
				F43E663D2EA6066900DB69CF /* ContentView.swift in Sources */,
				F4267AA52F979E2B00E8E96F /* HelperFuncs.metal in Sources */,
				F4267A9F2F979E1200E8E96F /* chapter3.swift in Sources */,
				F4267AA02F979E1200E8E96F /* ShaderCH3.metal in Sources */,
				F4267AA22F979E1200E8E96F /* String.swift in Sources */,
				F4267A9E2F979E1200E8E96F /* ShaderCH2.metal in Sources */,
				F4267A9C2F979E1200E8E96F /* ShadersCH1.metal in Sources */,
				F4267AA12F979E1200E8E96F /* CommonShaders.swift in Sources */,
				F43E663B2EA6066900DB69CF /* MetalShadersApp.swift in Sources */,
			);
			runOnlyForDeploymentPostprocessing = 0;
		};
/* End PBXSourcesBuildPhase section */

/* Begin XCBuildConfiguration section */
		F43E66432EA6066B00DB69CF /* Debug */ = {
			isa = XCBuildConfiguration;
			buildSettings = {
				ALWAYS_SEARCH_USER_PATHS = NO;
				ASSETCATALOG_COMPILER_GENERATE_SWIFT_ASSET_SYMBOL_EXTENSIONS = YES;
				CLANG_ANALYZER_NONNULL = YES;
				CLANG_ANALYZER_NUMBER_OBJECT_CONVERSION = YES_AGGRESSIVE;
				CLANG_CXX_LANGUAGE_STANDARD = "gnu++20";
				CLANG_ENABLE_MODULES = YES;
				CLANG_ENABLE_OBJC_ARC = YES;
				CLANG_ENABLE_OBJC_WEAK = YES;
				CLANG_WARN_BLOCK_CAPTURE_AUTORELEASING = YES;
				CLANG_WARN_BOOL_CONVERSION = YES;
				CLANG_WARN_COMMA = YES;
				CLANG_WARN_CONSTANT_CONVERSION = YES;
				CLANG_WARN_DEPRECATED_OBJC_IMPLEMENTATIONS = YES;
				CLANG_WARN_DIRECT_OBJC_ISA_USAGE = YES_ERROR;
				CLANG_WARN_DOCUMENTATION_COMMENTS = YES;
				CLANG_WARN_EMPTY_BODY = YES;
				CLANG_WARN_ENUM_CONVERSION = YES;
				CLANG_WARN_INFINITE_RECURSION = YES;
				CLANG_WARN_INT_CONVERSION = YES;
				CLANG_WARN_NON_LITERAL_NULL_CONVERSION = YES;
				CLANG_WARN_OBJC_IMPLICIT_RETAIN_SELF = YES;
				CLANG_WARN_OBJC_LITERAL_CONVERSION = YES;
				CLANG_WARN_OBJC_ROOT_CLASS = YES_ERROR;
				CLANG_WARN_QUOTED_INCLUDE_IN_FRAMEWORK_HEADER = YES;
				CLANG_WARN_RANGE_LOOP_ANALYSIS = YES;
				CLANG_WARN_STRICT_PROTOTYPES = YES;
				CLANG_WARN_SUSPICIOUS_MOVE = YES;
				CLANG_WARN_UNGUARDED_AVAILABILITY = YES_AGGRESSIVE;
				CLANG_WARN_UNREACHABLE_CODE = YES;
				CLANG_WARN__DUPLICATE_METHOD_MATCH = YES;
				COPY_PHASE_STRIP = NO;
				DEBUG_INFORMATION_FORMAT = dwarf;
				ENABLE_STRICT_OBJC_MSGSEND = YES;
				ENABLE_TESTABILITY = YES;
				ENABLE_USER_SCRIPT_SANDBOXING = YES;
				GCC_C_LANGUAGE_STANDARD = gnu17;
				GCC_DYNAMIC_NO_PIC = NO;
				GCC_NO_COMMON_BLOCKS = YES;
				GCC_OPTIMIZATION_LEVEL = 0;
				GCC_PREPROCESSOR_DEFINITIONS = (
					"DEBUG=1",
					"$(inherited)",
				);
				GCC_WARN_64_TO_32_BIT_CONVERSION = YES;
				GCC_WARN_ABOUT_RETURN_TYPE = YES_ERROR;
				GCC_WARN_UNDECLARED_SELECTOR = YES;
				GCC_WARN_UNINITIALIZED_AUTOS = YES_AGGRESSIVE;
				GCC_WARN_UNUSED_FUNCTION = YES;
				GCC_WARN_UNUSED_VARIABLE = YES;
				IPHONEOS_DEPLOYMENT_TARGET = 17.4;
				LOCALIZATION_PREFERS_STRING_CATALOGS = YES;
				MTL_ENABLE_DEBUG_INFO = INCLUDE_SOURCE;
				MTL_FAST_MATH = YES;
				ONLY_ACTIVE_ARCH = YES;
				SDKROOT = iphoneos;
				SWIFT_ACTIVE_COMPILATION_CONDITIONS = "DEBUG $(inherited)";
				SWIFT_OPTIMIZATION_LEVEL = "-Onone";
			};
			name = Debug;
		};
		F43E66442EA6066B00DB69CF /* Release */ = {
			isa = XCBuildConfiguration;
			buildSettings = {
				ALWAYS_SEARCH_USER_PATHS = NO;
				ASSETCATALOG_COMPILER_GENERATE_SWIFT_ASSET_SYMBOL_EXTENSIONS = YES;
				CLANG_ANALYZER_NONNULL = YES;
				CLANG_ANALYZER_NUMBER_OBJECT_CONVERSION = YES_AGGRESSIVE;
				CLANG_CXX_LANGUAGE_STANDARD = "gnu++20";
				CLANG_ENABLE_MODULES = YES;
				CLANG_ENABLE_OBJC_ARC = YES;
				CLANG_ENABLE_OBJC_WEAK = YES;
				CLANG_WARN_BLOCK_CAPTURE_AUTORELEASING = YES;
				CLANG_WARN_BOOL_CONVERSION = YES;
				CLANG_WARN_COMMA = YES;
				CLANG_WARN_CONSTANT_CONVERSION = YES;
				CLANG_WARN_DEPRECATED_OBJC_IMPLEMENTATIONS = YES;
				CLANG_WARN_DIRECT_OBJC_ISA_USAGE = YES_ERROR;
				CLANG_WARN_DOCUMENTATION_COMMENTS = YES;
				CLANG_WARN_EMPTY_BODY = YES;
				CLANG_WARN_ENUM_CONVERSION = YES;
				CLANG_WARN_INFINITE_RECURSION = YES;
				CLANG_WARN_INT_CONVERSION = YES;
				CLANG_WARN_NON_LITERAL_NULL_CONVERSION = YES;
				CLANG_WARN_OBJC_IMPLICIT_RETAIN_SELF = YES;
				CLANG_WARN_OBJC_LITERAL_CONVERSION = YES;
				CLANG_WARN_OBJC_ROOT_CLASS = YES_ERROR;
				CLANG_WARN_QUOTED_INCLUDE_IN_FRAMEWORK_HEADER = YES;
				CLANG_WARN_RANGE_LOOP_ANALYSIS = YES;
				CLANG_WARN_STRICT_PROTOTYPES = YES;
				CLANG_WARN_SUSPICIOUS_MOVE = YES;
				CLANG_WARN_UNGUARDED_AVAILABILITY = YES_AGGRESSIVE;
				CLANG_WARN_UNREACHABLE_CODE = YES;
				CLANG_WARN__DUPLICATE_METHOD_MATCH = YES;
				COPY_PHASE_STRIP = NO;
				DEBUG_INFORMATION_FORMAT = "dwarf-with-dsym";
				ENABLE_NS_ASSERTIONS = NO;
				ENABLE_STRICT_OBJC_MSGSEND = YES;
				ENABLE_USER_SCRIPT_SANDBOXING = YES;
				GCC_C_LANGUAGE_STANDARD = gnu17;
				GCC_NO_COMMON_BLOCKS = YES;
				GCC_WARN_64_TO_32_BIT_CONVERSION = YES;
				GCC_WARN_ABOUT_RETURN_TYPE = YES_ERROR;
				GCC_WARN_UNDECLARED_SELECTOR = YES;
				GCC_WARN_UNINITIALIZED_AUTOS = YES_AGGRESSIVE;
				GCC_WARN_UNUSED_FUNCTION = YES;
				GCC_WARN_UNUSED_VARIABLE = YES;
				IPHONEOS_DEPLOYMENT_TARGET = 17.4;
				LOCALIZATION_PREFERS_STRING_CATALOGS = YES;
				MTL_ENABLE_DEBUG_INFO = NO;
				MTL_FAST_MATH = YES;
				SDKROOT = iphoneos;
				SWIFT_COMPILATION_MODE = wholemodule;
				VALIDATE_PRODUCT = YES;
			};
			name = Release;
		};
		F43E66462EA6066B00DB69CF /* Debug */ = {
			isa = XCBuildConfiguration;
			buildSettings = {
				ASSETCATALOG_COMPILER_APPICON_NAME = AppIcon;
				ASSETCATALOG_COMPILER_GLOBAL_ACCENT_COLOR_NAME = AccentColor;
				CODE_SIGN_STYLE = Automatic;
				CURRENT_PROJECT_VERSION = 1;
				DEVELOPMENT_ASSET_PATHS = "\"MetalShaders/Preview Content\"";
				ENABLE_PREVIEWS = YES;
				GENERATE_INFOPLIST_FILE = YES;
				INFOPLIST_KEY_UIApplicationSceneManifest_Generation = YES;
				INFOPLIST_KEY_UIApplicationSupportsIndirectInputEvents = YES;
				INFOPLIST_KEY_UILaunchScreen_Generation = YES;
				INFOPLIST_KEY_UISupportedInterfaceOrientations_iPad = "UIInterfaceOrientationPortrait UIInterfaceOrientationPortraitUpsideDown UIInterfaceOrientationLandscapeLeft UIInterfaceOrientationLandscapeRight";
				INFOPLIST_KEY_UISupportedInterfaceOrientations_iPhone = "UIInterfaceOrientationPortrait UIInterfaceOrientationLandscapeLeft UIInterfaceOrientationLandscapeRight";
				LD_RUNPATH_SEARCH_PATHS = (
					"$(inherited)",
					"@executable_path/Frameworks",
				);
				MARKETING_VERSION = 1.0;
				PRODUCT_BUNDLE_IDENTIFIER = com.test.MetalShaders;
				PRODUCT_NAME = "$(TARGET_NAME)";
				SWIFT_EMIT_LOC_STRINGS = YES;
				SWIFT_VERSION = 5.0;
				TARGETED_DEVICE_FAMILY = "1,2";
			};
			name = Debug;
		};
		F43E66472EA6066B00DB69CF /* Release */ = {
			isa = XCBuildConfiguration;
			buildSettings = {
				ASSETCATALOG_COMPILER_APPICON_NAME = AppIcon;
				ASSETCATALOG_COMPILER_GLOBAL_ACCENT_COLOR_NAME = AccentColor;
				CODE_SIGN_STYLE = Automatic;
				CURRENT_PROJECT_VERSION = 1;
				DEVELOPMENT_ASSET_PATHS = "\"MetalShaders/Preview Content\"";
				ENABLE_PREVIEWS = YES;
				GENERATE_INFOPLIST_FILE = YES;
				INFOPLIST_KEY_UIApplicationSceneManifest_Generation = YES;
				INFOPLIST_KEY_UIApplicationSupportsIndirectInputEvents = YES;
				INFOPLIST_KEY_UILaunchScreen_Generation = YES;
				INFOPLIST_KEY_UISupportedInterfaceOrientations_iPad = "UIInterfaceOrientationPortrait UIInterfaceOrientationPortraitUpsideDown UIInterfaceOrientationLandscapeLeft UIInterfaceOrientationLandscapeRight";
				INFOPLIST_KEY_UISupportedInterfaceOrientations_iPhone = "UIInterfaceOrientationPortrait UIInterfaceOrientationLandscapeLeft UIInterfaceOrientationLandscapeRight";
				LD_RUNPATH_SEARCH_PATHS = (
					"$(inherited)",
					"@executable_path/Frameworks",
				);
				MARKETING_VERSION = 1.0;
				PRODUCT_BUNDLE_IDENTIFIER = com.test.MetalShaders;
				PRODUCT_NAME = "$(TARGET_NAME)";
				SWIFT_EMIT_LOC_STRINGS = YES;
				SWIFT_VERSION = 5.0;
				TARGETED_DEVICE_FAMILY = "1,2";
			};
			name = Release;
		};
/* End XCBuildConfiguration section */

/* Begin XCConfigurationList section */
		F43E66322EA6066900DB69CF /* Build configuration list for PBXProject "MetalShaders" */ = {
			isa = XCConfigurationList;
			buildConfigurations = (
				F43E66432EA6066B00DB69CF /* Debug */,
				F43E66442EA6066B00DB69CF /* Release */,
			);
			defaultConfigurationIsVisible = 0;
			defaultConfigurationName = Release;
		};
		F43E66452EA6066B00DB69CF /* Build configuration list for PBXNativeTarget "MetalShaders" */ = {
			isa = XCConfigurationList;
			buildConfigurations = (
				F43E66462EA6066B00DB69CF /* Debug */,
				F43E66472EA6066B00DB69CF /* Release */,
			);
			defaultConfigurationIsVisible = 0;
			defaultConfigurationName = Release;
		};
/* End XCConfigurationList section */
	};
	rootObject = F43E662F2EA6066900DB69CF /* Project object */;
}
